version = 1
revision = 3
requires-python = ">=3.11"

[[package]]
name = "aiosqlite"
version = "0.22.1"
source = { registry = "https://pypi.org/simple" }
sdist = { url = "https://files.pythonhosted.org/packages/4e/8a/64761f4005f17809769d23e518d915db74e6310474e733e3593cfc854ef1/aiosqlite-0.22.1.tar.gz", hash = "sha256:043e0bd78d32888c0a9ca90fc788b38796843360c855a7262a532813133a0650", size = 14821, upload-time = "2025-12-23T19:25:43.997Z" }
wheels = [
    { url = "https://files.pythonhosted.org/packages/00/b7/e3bf5133d697a08128598c8d0abc5e16377b51465a33756de24fa7dee953/aiosqlite-0.22.1-py3-none-any.whl", hash = "sha256:21c002eb13823fad740196c5a2e9d8e62f6243bd9e7e4a1f87fb5e44ecb4fceb", size = 17405, upload-time = "2025-12-23T19:25:42.139Z" },
]

[[package]]
name = "anyio"
version = "4.12.1"
source = { registry = "https://pypi.org/simple" }
dependencies = [
    { name = "idna" },
    { name = "typing-extensions", marker = "python_full_version < '3.13'" },
]
sdist = { url = "https://files.pythonhosted.org/packages/96/f0/5eb65b2bb0d09ac6776f2eb54adee6abe8228ea05b20a5ad0e4945de8aac/anyio-4.12.1.tar.gz", hash = "sha256:41cfcc3a4c85d3f05c932da7c26d0201ac36f72abd4435ba90d0464a3ffed703", size = 228685, upload-time = "2026-01-06T11:45:21.246Z" }
wheels = [
    { url = "https://files.pythonhosted.org/packages/38/0e/27be9fdef66e72d64c0cdc3cc2823101b80585f8119b5c112c2e8f5f7dab/anyio-4.12.1-py3-none-any.whl", hash = "sha256:d405828884fc140aa80a3c667b8beed277f1dfedec42ba031bd6ac3db606ab6c", size = 113592, upload-time = "2026-01-06T11:45:19.497Z" },
]

[[package]]
name = "ciso8601"
version = "2.3.3"
source = { registry = "https://pypi.org/simple" }
sdist = { url = "https://files.pythonhosted.org/packages/c1/8a/075724aea06c98626109bfd670c27c248c87b9ba33e637f069bf46e8c4c3/ciso8601-2.3.3.tar.gz", hash = "sha256:db5d78d9fb0de8686fbad1c1c2d168ed52efb6e8bf8774ae26226e5034a46dae", size = 31909, upload-time = "2025-08-20T16:31:33.51Z" }
wheels = [
    { url = "https://files.pythonhosted.org/packages/fc/30/5744492f9e7dbe60a3c92968cdb8987566f5389b8d0e5c60f6d633da45fe/ciso8601-2.3.3-cp311-cp311-macosx_11_0_arm64.whl", hash = "sha256:f068fb60b801640b4d729a3cf79f5b3075c071f0dad3a08e5bf68b89ca41aef7", size = 16076, upload-time = "2025-08-20T16:30:27.005Z" },
    { url = "https://files.pythonhosted.org/packages/e0/c6/ce97f28a3b936a9a6c0abba9905382cb89022b8e1abb37a2150c1caf71d6/ciso8601-2.3.3-cp311-cp311-macosx_11_0_universal2.whl", hash = "sha256:2f347401756cdd552420a4596a0535a4f8193298ff401e41fb31603e182ae302", size = 24110, upload-time = "2025-08-20T16:30:28.243Z" },
    { url = "https://files.pythonhosted.org/packages/dc/89/1af026c7959d39bdbaa6400b76ffb54437fa52698b801d51ddaa14063f0e/ciso8601-2.3.3-cp311-cp311-macosx_11_0_x86_64.whl", hash = "sha256:77e8e691ade14dd0e2ae1bcdd98475c25cd76be34b1cf43d9138bbb7ea7a8a37", size = 15871, upload-time = "2025-08-20T16:30:30.059Z" },
    { url = "https://files.pythonhosted.org/packages/a4/1a/9ae630bf75a51755bf701660a65207b8efa2f95590408832b38e58834d57/ciso8601-2.3.3-cp311-cp311-manylinux1_x86_64.manylinux_2_28_x86_64.manylinux_2_5_x86_64.whl", hash = "sha256:a5839ea7d2edf22e0199587e2ea71bc082b0e7ffce90389c7bdd407c05dbf230", size = 40380, upload-time = "2025-08-20T16:30:31.211Z" },
    { url = "https://files.pythonhosted.org/packages/4f/3c/8671bde2bbf6abb8ceee82db0bc6bcd08066e7104680e3866eda6047adc1/ciso8601-2.3.3-cp311-cp311-manylinux2014_aarch64.manylinux_2_17_aarch64.manylinux_2_28_aarch64.whl", hash = "sha256:de0476ced02b965ef82c20191757f26e14878c76ce8d32a94c1e9ee14658ec6e", size = 40914, upload-time = "2025-08-20T16:30:32.096Z" },
    { url = "https://files.pythonhosted.org/packages/8e/bc/433f91f19ff553653f340e77dbb12afe46de8a84a407ae01483d22ea8f7a/ciso8601-2.3.3-cp311-cp311-musllinux_1_2_aarch64.whl", hash = "sha256:fe9303131af07e3596583e9d7faebb755d44c52c16f8077beeea1b297541fb61", size = 40154, upload-time = "2025-08-20T16:30:33.325Z" },
    { url = "https://files.pythonhosted.org/packages/48/b7/39b905b09f77f2140724707919edea2a3d34b00a9366cd7ad541aefb464e/ciso8601-2.3.3-cp311-cp311-musllinux_1_2_x86_64.whl", hash = "sha256:4c443761b899e4e350a647b3439f8e999d6c925dc4e83887b3063b13c2a9b195", size = 40428, upload-time = "2025-08-20T16:30:34.626Z" },
    { url = "https://files.pythonhosted.org/packages/62/aa/b723a6981cfc42bbe992da23179f5dd1556e9054067985108ec6cbe34dd3/ciso8601-2.3.3-cp312-cp312-macosx_11_0_arm64.whl", hash = "sha256:e7ef14610446211c4102bf6c67f32619ab341e56db15bad6884385b43c12b064", size = 16111, upload-time = "2025-08-20T16:30:36.781Z" },
    { url = "https://files.pythonhosted.org/packages/0a/e9/e547ec4dd75f28d8d217488130fa07767bc42fd643d61a18870487133c0e/ciso8601-2.3.3-cp312-cp312-macosx_11_0_universal2.whl", hash = "sha256:523901aec6b0ccdf255c863ef161f476197f177c5cd33f2fbb35955c5f97fdb4", size = 24193, upload-time = "2025-08-20T16:30:38.067Z" },
    { url = "https://files.pythonhosted.org/packages/14/c8/801b78e30667cb31b4524e9dc26cbc2c03c012f9aa3f5ae21676461dc622/ciso8601-2.3.3-cp312-cp312-macosx_11_0_x86_64.whl", hash = "sha256:45f8254d1fb0a41e20f98e93075db7b56504adddf65e4c8b397671feba4861ca", size = 15917, upload-time = "2025-08-20T16:30:39.375Z" },
    { url = "https://files.pythonhosted.org/packages/44/6b/dfc56a2a4e572a2a3f8c88a66dea6a9186a8e10da7c36cc84abc31bf795c/ciso8601-2.3.3-cp312-cp312-manylinux1_x86_64.manylinux_2_28_x86_64.manylinux_2_5_x86_64.whl", hash = "sha256:202ca99077577683e6a84d394ff2677ec19d9f406fbf35734f68be85d2bcd3f1", size = 41324, upload-time = "2025-08-20T16:30:40.321Z" },
    { url = "https://files.pythonhosted.org/packages/7c/57/cf66171cb5807fe345b03ce9e32fd91b3a8b6e5bd95710618a9a1b0f3fab/ciso8601-2.3.3-cp312-cp312-manylinux2014_aarch64.manylinux_2_17_aarch64.manylinux_2_28_aarch64.whl", hash = "sha256:a7cec4e31c363e87221f2561e7083ce055a82de041e822e7c3775f8ce6250a7e", size = 41804, upload-time = "2025-08-20T16:30:41.204Z" },
    { url = "https://files.pythonhosted.org/packages/75/91/15e8871d7ae2ff0f756128e246348bdede58c08edba13cd886450ceeb304/ciso8601-2.3.3-cp312-cp312-musllinux_1_2_aarch64.whl", hash = "sha256:389fef3ccc3065fa21cb6ef7d03aee63ab980591b5d87b9f0bbe349f52b16bdc", size = 41209, upload-time = "2025-08-20T16:30:42.46Z" },
    { url = "https://files.pythonhosted.org/packages/30/54/7563e20a158a4bdf3e8d13c63e02b71f9b73c662edc83cb4d5ab67171a7d/ciso8601-2.3.3-cp312-cp312-musllinux_1_2_x86_64.whl", hash = "sha256:c4499cfbe4da092dea95ab81aefc78b98e2d7464518e6e80107cf2b9b1f65fa2", size = 41368, upload-time = "2025-08-20T16:30:43.397Z" },
    { url = "https://files.pythonhosted.org/packages/01/16/88154fe8247e4dcfdbaed8c6b8ccf32b1dd4389c6c95b1986bf31649eb00/ciso8601-2.3.3-cp313-cp313-macosx_11_0_arm64.whl", hash = "sha256:8afa073802c926c3244e1e5fcc5818afd3acb90fb7826a90f91ddbda0636ea70", size = 16109, upload-time = "2025-08-20T16:30:45.655Z" },
    { url = "https://files.pythonhosted.org/packages/be/46/8d46372b3802c7201c20c8b316569f27253aaafba0cdd2cd033985e8b77e/ciso8601-2.3.3-cp313-cp313-macosx_11_0_universal2.whl", hash = "sha256:8a04e518b4adf8e35e030feaecdb4a835d39b9bb44d207e926aea8ce3447ad7c", size = 24189, upload-time = "2025-08-20T16:30:46.958Z" },
    { url = "https://files.pythonhosted.org/packages/13/80/1890e097cb76e41995de82f29c0289ca590d7135e0be3707e5b78f54350d/ciso8601-2.3.3-cp313-cp313-macosx_11_0_x86_64.whl", hash = "sha256:f79ad8372463ba4265981016d1648bc05f4922bc8044c4243fcbaef7a12ee9f7", size = 15925, upload-time = "2025-08-20T16:30:48.082Z" },
    { url = "https://files.pythonhosted.org/packages/a7/e9/690a2a6beefd9d982c20adde3f09ff54a23291a699b0df7cf0c59027d9cf/ciso8601-2.3.3-cp313-cp313-manylinux1_x86_64.manylinux_2_28_x86_64.manylinux_2_5_x86_64.whl", hash = "sha256:d5894a33f119b5ac1082df187dc58c74fe13c9c092e19ba36495c2b7cee3540b", size = 41352, upload-time = "2025-08-20T16:30:49.294Z" },
    { url = "https://files.pythonhosted.org/packages/2f/34/9a498ceb0ebd23f538e6685721c9fc4666701372c651874ed22ec46b1423/ciso8601-2.3.3-cp313-cp313-manylinux2014_aarch64.manylinux_2_17_aarch64.manylinux_2_28_aarch64.whl", hash = "sha256:09deebf3e326ec59d80019b4ad35175c90b99cde789c644b1496811fe3340587", size = 41866, upload-time = "2025-08-20T16:30:50.262Z" },
    { url = "https://files.pythonhosted.org/packages/f7/0a/ee0981502aa1c9f28f7e89cf6cee08bdff2c6ed9d4289b00cceb8a1c500e/ciso8601-2.3.3-cp313-cp313-musllinux_1_2_aarch64.whl", hash = "sha256:3aa43ed59b2117baccc5bb760e5e53dad77cacba671d757c1e82e0a367b1f42a", size = 41271, upload-time = "2025-08-20T16:30:51.198Z" },
    { url = "https://files.pythonhosted.org/packages/fb/65/24a888240324188d8350bc24fb58a6d759c0ca43adfa77210f3d60370b56/ciso8601-2.3.3-cp313-cp313-musllinux_1_2_x86_64.whl", hash = "sha256:289515aa3a3b86a9c3450bf482f634138b98788332d136751507bfdfe46e6031", size = 41411, upload-time = "2025-08-20T16:30:52.439Z" },
    { url = "https://files.pythonhosted.org/packages/ef/3a/54ad0ae2257870076b4990545a8f16221470fecea0aa7a4e1f39506db8c5/ciso8601-2.3.3-cp314-cp314-macosx_11_0_arm64.whl", hash = "sha256:82db4047d74d8b1d129e7a8da578518729912c3bd19cb71541b147e41f426381", size = 16115, upload-time = "2025-08-20T16:30:54.971Z" },
    { url = "https://files.pythonhosted.org/packages/23/fb/9fe767d44520691e2b706769466852fbdeb44a82dc294c2766bce1049d22/ciso8601-2.3.3-cp314-cp314-macosx_11_0_universal2.whl", hash = "sha256:a553f3fc03a2ed5ca6f5716de0b314fa166461df01b45d8b36043ccac3a5e79f", size = 24214, upload-time = "2025-08-20T16:30:56.359Z" },
    { url = "https://files.pythonhosted.org/packages/a1/ac/984fd3948f372c46c436a2b48da43f4fb7bc6f156a6f4bc858adaab79d42/ciso8601-2.3.3-cp314-cp314-macosx_11_0_x86_64.whl", hash = "sha256:ff59c26083b7bef6df4f0d96e4b649b484806d3d7bcc2de14ad43147c3aafb04", size = 15929, upload-time = "2025-08-20T16:30:58.352Z" },
    { url = "https://files.pythonhosted.org/packages/de/3a/5572917d4e0bec2c1ef0eda8652f9dc8d1850d29d3eef9e5e82ffe5d6791/ciso8601-2.3.3-cp314-cp314-manylinux1_x86_64.manylinux_2_28_x86_64.manylinux_2_5_x86_64.whl", hash = "sha256:99a1fa5a730790431d0bfcd1f3a6387f60cddc6853d8dcc5c2e140cd4d67a928", size = 41578, upload-time = "2025-08-20T16:30:59.351Z" },
    { url = "https://files.pythonhosted.org/packages/5e/cf/07321ce5cf099b98de0c02cd4bab4818610da69743003e94c8fb6e8a59cb/ciso8601-2.3.3-cp314-cp314-manylinux2014_aarch64.manylinux_2_17_aarch64.manylinux_2_28_aarch64.whl", hash = "sha256:c35265c1b0bd2ac30ed29b49818dd38b0d1dfda43086af605d8b91722727dec0", size = 42085, upload-time = "2025-08-20T16:31:00.338Z" },
    { url = "https://files.pythonhosted.org/packages/d3/c7/3c521d6779ee433d9596eb3fcded79549bbe371843f25e62006c04f74dc9/ciso8601-2.3.3-cp314-cp314-musllinux_1_2_aarch64.whl", hash = "sha256:aa9df2f84ab25454f14df92b2dd4f9aae03dbfa581565a716b3e89b8e2110c03", size = 41313, upload-time = "2025-08-20T16:31:01.313Z" },
    { url = "https://files.pythonhosted.org/packages/f9/93/efd40db0d6b512be1cbe4e7e750882c2e88f580e17f35b3e9cc9c23004b5/ciso8601-2.3.3-cp314-cp314-musllinux_1_2_x86_64.whl", hash = "sha256:32e06a35eb251cfc4bbe01a858c598da0a160e4ad7f42ff52477157ceaf48061", size = 41443, upload-time = "2025-08-20T16:31:02.357Z" },
    { url = "https://files.pythonhosted.org/packages/f1/1d/025db546af38ab5236086f462292c50a1f9a4b248a309129a85bb1113996/ciso8601-2.3.3-pp311-pypy311_pp73-manylinux1_x86_64.manylinux_2_28_x86_64.manylinux_2_5_x86_64.whl", hash = "sha256:d5b18c75c66499ef22cb47b429e3b5a137db5a68674365b9ca3cd0e4488d229f", size = 16957, upload-time = "2025-08-20T16:31:27.503Z" },
    { url = "https://files.pythonhosted.org/packages/22/fc/976d9c4b79e28cbda95b1acf574b00f811d9aec0fce55b63d573d6fa446b/ciso8601-2.3.3-pp311-pypy311_pp73-manylinux2014_aarch64.manylinux_2_17_aarch64.manylinux_2_28_aarch64.whl", hash = "sha256:58799673ffdf621fe138fb8af6a89daf4ddefdf7ca4a10777ad8d55f3f171b6e", size = 18284, upload-time = "2025-08-20T16:31:28.43Z" },
]

[[package]]
name = "idna"
version = "3.11"
source = { registry = "https://pypi.org/simple" }
sdist = { url = "https://files.pythonhosted.org/packages/6f/6d/0703ccc57f3a7233505399edb88de3cbd678da106337b9fcde432b65ed60/idna-3.11.tar.gz", hash = "sha256:795dafcc9c04ed0c1fb032c2aa73654d8e8c5023a7df64a53f39190ada629902", size = 194582, upload-time = "2025-10-12T14:55:20.501Z" }
wheels = [
    { url = "https://files.pythonhosted.org/packages/0e/61/66938bbb5fc52dbdf84594873d5b51fb1f7c7794e9c0f5bd885f30bc507b/idna-3.11-py3-none-any.whl", hash = "sha256:771a87f49d9defaf64091e6e6fe9c18d4833f140bd19464795bc32d966ca37ea", size = 71008, upload-time = "2025-10-12T14:55:18.883Z" },
]

[[package]]
name = "iso8601"
version = "2.1.0"
source = { registry = "https://pypi.org/simple" }
sdist = { url = "https://files.pythonhosted.org/packages/b9/f3/ef59cee614d5e0accf6fd0cbba025b93b272e626ca89fb70a3e9187c5d15/iso8601-2.1.0.tar.gz", hash = "sha256:6b1d3829ee8921c4301998c909f7829fa9ed3cbdac0d3b16af2d743aed1ba8df", size = 6522, upload-time = "2023-10-03T00:25:39.317Z" }
wheels = [
    { url = "https://files.pythonhosted.org/packages/6c/0c/f37b6a241f0759b7653ffa7213889d89ad49a2b76eb2ddf3b57b2738c347/iso8601-2.1.0-py3-none-any.whl", hash = "sha256:aac4145c4dcb66ad8b648a02830f5e2ff6c24af20f4f482689be402db2429242", size = 7545, upload-time = "2023-10-03T00:25:32.304Z" },
]

[[package]]
name = "orjson"
version = "3.11.7"
source = { registry = "https://pypi.org/simple" }
sdist = { url = "https://files.pythonhosted.org/packages/53/45/b268004f745ede84e5798b48ee12b05129d19235d0e15267aa57dcdb400b/orjson-3.11.7.tar.gz", hash = "sha256:9b1a67243945819ce55d24a30b59d6a168e86220452d2c96f4d1f093e71c0c49", size = 6144992, upload-time = "2026-02-02T15:38:49.29Z" }
wheels = [
    { url = "https://files.pythonhosted.org/packages/37/02/da6cb01fc6087048d7f61522c327edf4250f1683a58a839fdcc435746dd5/orjson-3.11.7-cp311-cp311-macosx_10_15_x86_64.macosx_11_0_arm64.macosx_10_15_universal2.whl", hash = "sha256:9487abc2c2086e7c8eb9a211d2ce8855bae0e92586279d0d27b341d5ad76c85c", size = 228664, upload-time = "2026-02-02T15:37:25.542Z" },
    { url = "https://files.pythonhosted.org/packages/c1/c2/5885e7a5881dba9a9af51bc564e8967225a642b3e03d089289a35054e749/orjson-3.11.7-cp311-cp311-macosx_15_0_arm64.whl", hash = "sha256:79cacb0b52f6004caf92405a7e1f11e6e2de8bdf9019e4f76b44ba045125cd6b", size = 125344, upload-time = "2026-02-02T15:37:26.92Z" },
    { url = "https://files.pythonhosted.org/packages/a4/1d/4e7688de0a92d1caf600dfd5fb70b4c5bfff51dfa61ac555072ef2d0d32a/orjson-3.11.7-cp311-cp311-manylinux_2_17_aarch64.manylinux2014_aarch64.whl", hash = "sha256:c2e85fe4698b6a56d5e2ebf7ae87544d668eb6bde1ad1226c13f44663f20ec9e", size = 128404, upload-time = "2026-02-02T15:37:28.108Z" },
    { url = "https://files.pythonhosted.org/packages/2f/b2/ec04b74ae03a125db7bd69cffd014b227b7f341e3261bf75b5eb88a1aa92/orjson-3.11.7-cp311-cp311-manylinux_2_17_armv7l.manylinux2014_armv7l.whl", hash = "sha256:b8d14b71c0b12963fe8a62aac87119f1afdf4cb88a400f61ca5ae581449efcb5", size = 123677, upload-time = "2026-02-02T15:37:30.287Z" },
    { url = "https://files.pythonhosted.org/packages/4c/69/f95bdf960605f08f827f6e3291fe243d8aa9c5c9ff017a8d7232209184c3/orjson-3.11.7-cp311-cp311-manylinux_2_17_i686.manylinux2014_i686.whl", hash = "sha256:91c81ef070c8f3220054115e1ef468b1c9ce8497b4e526cb9f68ab4dc0a7ac62", size = 128950, upload-time = "2026-02-02T15:37:31.595Z" },
    { url = "https://files.pythonhosted.org/packages/a4/1b/de59c57bae1d148ef298852abd31909ac3089cff370dfd4cd84cc99cbc42/orjson-3.11.7-cp311-cp311-manylinux_2_17_ppc64le.manylinux2014_ppc64le.whl", hash = "sha256:411ebaf34d735e25e358a6d9e7978954a9c9d58cfb47bc6683cdc3964cd2f910", size = 141756, upload-time = "2026-02-02T15:37:32.985Z" },
    { url = "https://files.pythonhosted.org/packages/ee/9e/9decc59f4499f695f65c650f6cfa6cd4c37a3fbe8fa235a0a3614cb54386/orjson-3.11.7-cp311-cp311-manylinux_2_17_s390x.manylinux2014_s390x.whl", hash = "sha256:a16bcd08ab0bcdfc7e8801d9c4a9cc17e58418e4d48ddc6ded4e9e4b1a94062b", size = 130812, upload-time = "2026-02-02T15:37:34.204Z" },
    { url = "https://files.pythonhosted.org/packages/28/e6/59f932bcabd1eac44e334fe8e3281a92eacfcb450586e1f4bde0423728d8/orjson-3.11.7-cp311-cp311-manylinux_2_17_x86_64.manylinux2014_x86_64.whl", hash = "sha256:9c0b51672e466fd7e56230ffbae7f1639e18d0ce023351fb75da21b71bc2c960", size = 133444, upload-time = "2026-02-02T15:37:35.446Z" },
    { url = "https://files.pythonhosted.org/packages/f1/36/b0f05c0eaa7ca30bc965e37e6a2956b0d67adb87a9872942d3568da846ae/orjson-3.11.7-cp311-cp311-musllinux_1_2_aarch64.whl", hash = "sha256:136dcd6a2e796dfd9ffca9fc027d778567b0b7c9968d092842d3c323cef88aa8", size = 138609, upload-time = "2026-02-02T15:37:36.657Z" },
    { url = "https://files.pythonhosted.org/packages/b8/03/58ec7d302b8d86944c60c7b4b82975d5161fcce4c9bc8c6cb1d6741b6115/orjson-3.11.7-cp311-cp311-musllinux_1_2_armv7l.whl", hash = "sha256:7ba61079379b0ae29e117db13bda5f28d939766e410d321ec1624afc6a0b0504", size = 408918, upload-time = "2026-02-02T15:37:38.076Z" },
    { url = "https://files.pythonhosted.org/packages/06/3a/868d65ef9a8b99be723bd510de491349618abd9f62c826cf206d962db295/orjson-3.11.7-cp311-cp311-musllinux_1_2_i686.whl", hash = "sha256:0527a4510c300e3b406591b0ba69b5dc50031895b0a93743526a3fc45f59d26e", size = 143998, upload-time = "2026-02-02T15:37:39.706Z" },
    { url = "https://files.pythonhosted.org/packages/5b/c7/1e18e1c83afe3349f4f6dc9e14910f0ae5f82eac756d1412ea4018938535/orjson-3.11.7-cp311-cp311-musllinux_1_2_x86_64.whl", hash = "sha256:a709e881723c9b18acddcfb8ba357322491ad553e277cf467e1e7e20e2d90561", size = 134802, upload-time = "2026-02-02T15:37:41.002Z" },
    { url = "https://files.pythonhosted.org/packages/d4/0b/ccb7ee1a65b37e8eeb8b267dc953561d72370e85185e459616d4345bab34/orjson-3.11.7-cp311-cp311-win32.whl", hash = "sha256:c43b8b5bab288b6b90dac410cca7e986a4fa747a2e8f94615aea407da706980d", size = 127828, upload-time = "2026-02-02T15:37:42.241Z" },
    { url = "https://files.pythonhosted.org/packages/af/9e/55c776dffda3f381e0f07d010a4f5f3902bf48eaba1bb7684d301acd4924/orjson-3.11.7-cp311-cp311-win_amd64.whl", hash = "sha256:6543001328aa857187f905308a028935864aefe9968af3848401b6fe80dbb471", size = 124941, upload-time = "2026-02-02T15:37:43.444Z" },
    { url = "https://files.pythonhosted.org/packages/aa/8e/424a620fa7d263b880162505fb107ef5e0afaa765b5b06a88312ac291560/orjson-3.11.7-cp311-cp311-win_arm64.whl", hash = "sha256:1ee5cc7160a821dfe14f130bc8e63e7611051f964b463d9e2a3a573204446a4d", size = 126245, upload-time = "2026-02-02T15:37:45.18Z" },
    { url = "https://files.pythonhosted.org/packages/80/bf/76f4f1665f6983385938f0e2a5d7efa12a58171b8456c252f3bae8a4cf75/orjson-3.11.7-cp312-cp312-macosx_10_15_x86_64.macosx_11_0_arm64.macosx_10_15_universal2.whl", hash = "sha256:bd03ea7606833655048dab1a00734a2875e3e86c276e1d772b2a02556f0d895f", size = 228545, upload-time = "2026-02-02T15:37:46.376Z" },
    { url = "https://files.pythonhosted.org/packages/79/53/6c72c002cb13b5a978a068add59b25a8bdf2800ac1c9c8ecdb26d6d97064/orjson-3.11.7-cp312-cp312-macosx_15_0_arm64.whl", hash = "sha256:89e440ebc74ce8ab5c7bc4ce6757b4a6b1041becb127df818f6997b5c71aa60b", size = 125224, upload-time = "2026-02-02T15:37:47.697Z" },
    { url = "https://files.pythonhosted.org/packages/2c/83/10e48852865e5dd151bdfe652c06f7da484578ed02c5fca938e3632cb0b8/orjson-3.11.7-cp312-cp312-manylinux_2_17_aarch64.manylinux2014_aarch64.whl", hash = "sha256:5ede977b5fe5ac91b1dffc0a517ca4542d2ec8a6a4ff7b2652d94f640796342a", size = 128154, upload-time = "2026-02-02T15:37:48.954Z" },
    { url = "https://files.pythonhosted.org/packages/6e/52/a66e22a2b9abaa374b4a081d410edab6d1e30024707b87eab7c734afe28d/orjson-3.11.7-cp312-cp312-manylinux_2_17_armv7l.manylinux2014_armv7l.whl", hash = "sha256:b7b1dae39230a393df353827c855a5f176271c23434cfd2db74e0e424e693e10", size = 123548, upload-time = "2026-02-02T15:37:50.187Z" },
    { url = "https://files.pythonhosted.org/packages/de/38/605d371417021359f4910c496f764c48ceb8997605f8c25bf1dfe58c0ebe/orjson-3.11.7-cp312-cp312-manylinux_2_17_i686.manylinux2014_i686.whl", hash = "sha256:ed46f17096e28fb28d2975834836a639af7278aa87c84f68ab08fbe5b8bd75fa", size = 129000, upload-time = "2026-02-02T15:37:51.426Z" },
    { url = "https://files.pythonhosted.org/packages/44/98/af32e842b0ffd2335c89714d48ca4e3917b42f5d6ee5537832e069a4b3ac/orjson-3.11.7-cp312-cp312-manylinux_2_17_ppc64le.manylinux2014_ppc64le.whl", hash = "sha256:3726be79e36e526e3d9c1aceaadbfb4a04ee80a72ab47b3f3c17fefb9812e7b8", size = 141686, upload-time = "2026-02-02T15:37:52.607Z" },
    { url = "https://files.pythonhosted.org/packages/96/0b/fc793858dfa54be6feee940c1463370ece34b3c39c1ca0aa3845f5ba9892/orjson-3.11.7-cp312-cp312-manylinux_2_17_s390x.manylinux2014_s390x.whl", hash = "sha256:0724e265bc548af1dedebd9cb3d24b4e1c1e685a343be43e87ba922a5c5fff2f", size = 130812, upload-time = "2026-02-02T15:37:53.944Z" },
    { url = "https://files.pythonhosted.org/packages/dc/91/98a52415059db3f374757d0b7f0f16e3b5cd5976c90d1c2b56acaea039e6/orjson-3.11.7-cp312-cp312-manylinux_2_17_x86_64.manylinux2014_x86_64.whl", hash = "sha256:e7745312efa9e11c17fbd3cb3097262d079da26930ae9ae7ba28fb738367cbad", size = 133440, upload-time = "2026-02-02T15:37:55.615Z" },
    { url = "https://files.pythonhosted.org/packages/dc/b6/cb540117bda61791f46381f8c26c8f93e802892830a6055748d3bb1925ab/orjson-3.11.7-cp312-cp312-musllinux_1_2_aarch64.whl", hash = "sha256:f904c24bdeabd4298f7a977ef14ca2a022ca921ed670b92ecd16ab6f3d01f867", size = 138386, upload-time = "2026-02-02T15:37:56.814Z" },
    { url = "https://files.pythonhosted.org/packages/63/1a/50a3201c334a7f17c231eee5f841342190723794e3b06293f26e7cf87d31/orjson-3.11.7-cp312-cp312-musllinux_1_2_armv7l.whl", hash = "sha256:b9fc4d0f81f394689e0814617aadc4f2ea0e8025f38c226cbf22d3b5ddbf025d", size = 408853, upload-time = "2026-02-02T15:37:58.291Z" },
    { url = "https://files.pythonhosted.org/packages/87/cd/8de1c67d0be44fdc22701e5989c0d015a2adf391498ad42c4dc589cd3013/orjson-3.11.7-cp312-cp312-musllinux_1_2_i686.whl", hash = "sha256:849e38203e5be40b776ed2718e587faf204d184fc9a008ae441f9442320c0cab", size = 144130, upload-time = "2026-02-02T15:38:00.163Z" },
    { url = "https://files.pythonhosted.org/packages/0f/fe/d605d700c35dd55f51710d159fc54516a280923cd1b7e47508982fbb387d/orjson-3.11.7-cp312-cp312-musllinux_1_2_x86_64.whl", hash = "sha256:4682d1db3bcebd2b64757e0ddf9e87ae5f00d29d16c5cdf3a62f561d08cc3dd2", size = 134818, upload-time = "2026-02-02T15:38:01.507Z" },
    { url = "https://files.pythonhosted.org/packages/e4/e4/15ecc67edb3ddb3e2f46ae04475f2d294e8b60c1825fbe28a428b93b3fbd/orjson-3.11.7-cp312-cp312-win32.whl", hash = "sha256:f4f7c956b5215d949a1f65334cf9d7612dde38f20a95f2315deef167def91a6f", size = 127923, upload-time = "2026-02-02T15:38:02.75Z" },
    { url = "https://files.pythonhosted.org/packages/34/70/2e0855361f76198a3965273048c8e50a9695d88cd75811a5b46444895845/orjson-3.11.7-cp312-cp312-win_amd64.whl", hash = "sha256:bf742e149121dc5648ba0a08ea0871e87b660467ef168a3a5e53bc1fbd64bb74", size = 125007, upload-time = "2026-02-02T15:38:04.032Z" },
    { url = "https://files.pythonhosted.org/packages/68/40/c2051bd19fc467610fed469dc29e43ac65891571138f476834ca192bc290/orjson-3.11.7-cp312-cp312-win_arm64.whl", hash = "sha256:26c3b9132f783b7d7903bf1efb095fed8d4a3a85ec0d334ee8beff3d7a4749d5", size = 126089, upload-time = "2026-02-02T15:38:05.297Z" },
    { url = "https://files.pythonhosted.org/packages/89/25/6e0e52cac5aab51d7b6dcd257e855e1dec1c2060f6b28566c509b4665f62/orjson-3.11.7-cp313-cp313-macosx_10_15_x86_64.macosx_11_0_arm64.macosx_10_15_universal2.whl", hash = "sha256:1d98b30cc1313d52d4af17d9c3d307b08389752ec5f2e5febdfada70b0f8c733", size = 228390, upload-time = "2026-02-02T15:38:06.8Z" },
    { url = "https://files.pythonhosted.org/packages/a5/29/a77f48d2fc8a05bbc529e5ff481fb43d914f9e383ea2469d4f3d51df3d00/orjson-3.11.7-cp313-cp313-macosx_15_0_arm64.whl", hash = "sha256:d897e81f8d0cbd2abb82226d1860ad2e1ab3ff16d7b08c96ca00df9d45409ef4", size = 125189, upload-time = "2026-02-02T15:38:08.181Z" },
    { url = "https://files.pythonhosted.org/packages/89/25/0a16e0729a0e6a1504f9d1a13cdd365f030068aab64cec6958396b9969d7/orjson-3.11.7-cp313-cp313-manylinux_2_17_aarch64.manylinux2014_aarch64.whl", hash = "sha256:814be4b49b228cfc0b3c565acf642dd7d13538f966e3ccde61f4f55be3e20785", size = 128106, upload-time = "2026-02-02T15:38:09.41Z" },
    { url = "https://files.pythonhosted.org/packages/66/da/a2e505469d60666a05ab373f1a6322eb671cb2ba3a0ccfc7d4bc97196787/orjson-3.11.7-cp313-cp313-manylinux_2_17_armv7l.manylinux2014_armv7l.whl", hash = "sha256:d06e5c5fed5caedd2e540d62e5b1c25e8c82431b9e577c33537e5fa4aa909539", size = 123363, upload-time = "2026-02-02T15:38:10.73Z" },
    { url = "https://files.pythonhosted.org/packages/23/bf/ed73f88396ea35c71b38961734ea4a4746f7ca0768bf28fd551d37e48dd0/orjson-3.11.7-cp313-cp313-manylinux_2_17_i686.manylinux2014_i686.whl", hash = "sha256:31c80ce534ac4ea3739c5ee751270646cbc46e45aea7576a38ffec040b4029a1", size = 129007, upload-time = "2026-02-02T15:38:12.138Z" },
    { url = "https://files.pythonhosted.org/packages/73/3c/b05d80716f0225fc9008fbf8ab22841dcc268a626aa550561743714ce3bf/orjson-3.11.7-cp313-cp313-manylinux_2_17_ppc64le.manylinux2014_ppc64le.whl", hash = "sha256:f50979824bde13d32b4320eedd513431c921102796d86be3eee0b58e58a3ecd1", size = 141667, upload-time = "2026-02-02T15:38:13.398Z" },
    { url = "https://files.pythonhosted.org/packages/61/e8/0be9b0addd9bf86abfc938e97441dcd0375d494594b1c8ad10fe57479617/orjson-3.11.7-cp313-cp313-manylinux_2_17_s390x.manylinux2014_s390x.whl", hash = "sha256:9e54f3808e2b6b945078c41aa8d9b5834b28c50843846e97807e5adb75fa9705", size = 130832, upload-time = "2026-02-02T15:38:14.698Z" },
    { url = "https://files.pythonhosted.org/packages/c9/ec/c68e3b9021a31d9ec15a94931db1410136af862955854ed5dd7e7e4f5bff/orjson-3.11.7-cp313-cp313-manylinux_2_17_x86_64.manylinux2014_x86_64.whl", hash = "sha256:a12b80df61aab7b98b490fe9e4879925ba666fccdfcd175252ce4d9035865ace", size = 133373, upload-time = "2026-02-02T15:38:16.109Z" },
    { url = "https://files.pythonhosted.org/packages/d2/45/f3466739aaafa570cc8e77c6dbb853c48bf56e3b43738020e2661e08b0ac/orjson-3.11.7-cp313-cp313-musllinux_1_2_aarch64.whl", hash = "sha256:996b65230271f1a97026fd0e6a753f51fbc0c335d2ad0c6201f711b0da32693b", size = 138307, upload-time = "2026-02-02T15:38:17.453Z" },
    { url = "https://files.pythonhosted.org/packages/e1/84/9f7f02288da1ffb31405c1be07657afd1eecbcb4b64ee2817b6fe0f785fa/orjson-3.11.7-cp313-cp313-musllinux_1_2_armv7l.whl", hash = "sha256:ab49d4b2a6a1d415ddb9f37a21e02e0d5dbfe10b7870b21bf779fc21e9156157", size = 408695, upload-time = "2026-02-02T15:38:18.831Z" },
    { url = "https://files.pythonhosted.org/packages/18/07/9dd2f0c0104f1a0295ffbe912bc8d63307a539b900dd9e2c48ef7810d971/orjson-3.11.7-cp313-cp313-musllinux_1_2_i686.whl", hash = "sha256:390a1dce0c055ddf8adb6aa94a73b45a4a7d7177b5c584b8d1c1947f2ba60fb3", size = 144099, upload-time = "2026-02-02T15:38:20.28Z" },
    { url = "https://files.pythonhosted.org/packages/a5/66/857a8e4a3292e1f7b1b202883bcdeb43a91566cf59a93f97c53b44bd6801/orjson-3.11.7-cp313-cp313-musllinux_1_2_x86_64.whl", hash = "sha256:1eb80451a9c351a71dfaf5b7ccc13ad065405217726b59fdbeadbcc544f9d223", size = 134806, upload-time = "2026-02-02T15:38:22.186Z" },
    { url = "https://files.pythonhosted.org/packages/0a/5b/6ebcf3defc1aab3a338ca777214966851e92efb1f30dc7fc8285216e6d1b/orjson-3.11.7-cp313-cp313-win32.whl", hash = "sha256:7477aa6a6ec6139c5cb1cc7b214643592169a5494d200397c7fc95d740d5fcf3", size = 127914, upload-time = "2026-02-02T15:38:23.511Z" },
    { url = "https://files.pythonhosted.org/packages/00/04/c6f72daca5092e3117840a1b1e88dfc809cc1470cf0734890d0366b684a1/orjson-3.11.7-cp313-cp313-win_amd64.whl", hash = "sha256:b9f95dcdea9d4f805daa9ddf02617a89e484c6985fa03055459f90e87d7a0757", size = 124986, upload-time = "2026-02-02T15:38:24.836Z" },
    { url = "https://files.pythonhosted.org/packages/03/ba/077a0f6f1085d6b806937246860fafbd5b17f3919c70ee3f3d8d9c713f38/orjson-3.11.7-cp313-cp313-win_arm64.whl", hash = "sha256:800988273a014a0541483dc81021247d7eacb0c845a9d1a34a422bc718f41539", size = 126045, upload-time = "2026-02-02T15:38:26.216Z" },
    { url = "https://files.pythonhosted.org/packages/e9/1e/745565dca749813db9a093c5ebc4bac1a9475c64d54b95654336ac3ed961/orjson-3.11.7-cp314-cp314-macosx_10_15_x86_64.macosx_11_0_arm64.macosx_10_15_universal2.whl", hash = "sha256:de0a37f21d0d364954ad5de1970491d7fbd0fb1ef7417d4d56a36dc01ba0c0a0", size = 228391, upload-time = "2026-02-02T15:38:27.757Z" },
    { url = "https://files.pythonhosted.org/packages/46/19/e40f6225da4d3aa0c8dc6e5219c5e87c2063a560fe0d72a88deb59776794/orjson-3.11.7-cp314-cp314-macosx_15_0_arm64.whl", hash = "sha256:c2428d358d85e8da9d37cba18b8c4047c55222007a84f97156a5b22028dfbfc0", size = 125188, upload-time = "2026-02-02T15:38:29.241Z" },
    { url = "https://files.pythonhosted.org/packages/9d/7e/c4de2babef2c0817fd1f048fd176aa48c37bec8aef53d2fa932983032cce/orjson-3.11.7-cp314-cp314-manylinux_2_17_aarch64.manylinux2014_aarch64.whl", hash = "sha256:3c4bc6c6ac52cdaa267552544c73e486fecbd710b7ac09bc024d5a78555a22f6", size = 128097, upload-time = "2026-02-02T15:38:30.618Z" },
    { url = "https://files.pythonhosted.org/packages/eb/74/233d360632bafd2197f217eee7fb9c9d0229eac0c18128aee5b35b0014fe/orjson-3.11.7-cp314-cp314-manylinux_2_17_armv7l.manylinux2014_armv7l.whl", hash = "sha256:bd0d68edd7dfca1b2eca9361a44ac9f24b078de3481003159929a0573f21a6bf", size = 123364, upload-time = "2026-02-02T15:38:32.363Z" },
    { url = "https://files.pythonhosted.org/packages/79/51/af79504981dd31efe20a9e360eb49c15f06df2b40e7f25a0a52d9ae888e8/orjson-3.11.7-cp314-cp314-manylinux_2_17_i686.manylinux2014_i686.whl", hash = "sha256:623ad1b9548ef63886319c16fa317848e465a21513b31a6ad7b57443c3e0dcf5", size = 129076, upload-time = "2026-02-02T15:38:33.68Z" },
    { url = "https://files.pythonhosted.org/packages/67/e2/da898eb68b72304f8de05ca6715870d09d603ee98d30a27e8a9629abc64b/orjson-3.11.7-cp314-cp314-manylinux_2_17_ppc64le.manylinux2014_ppc64le.whl", hash = "sha256:6e776b998ac37c0396093d10290e60283f59cfe0fc3fccbd0ccc4bd04dd19892", size = 141705, upload-time = "2026-02-02T15:38:34.989Z" },
    { url = "https://files.pythonhosted.org/packages/c5/89/15364d92acb3d903b029e28d834edb8780c2b97404cbf7929aa6b9abdb24/orjson-3.11.7-cp314-cp314-manylinux_2_17_s390x.manylinux2014_s390x.whl", hash = "sha256:652c6c3af76716f4a9c290371ba2e390ede06f6603edb277b481daf37f6f464e", size = 130855, upload-time = "2026-02-02T15:38:36.379Z" },
    { url = "https://files.pythonhosted.org/packages/c2/8b/ecdad52d0b38d4b8f514be603e69ccd5eacf4e7241f972e37e79792212ec/orjson-3.11.7-cp314-cp314-manylinux_2_17_x86_64.manylinux2014_x86_64.whl", hash = "sha256:a56df3239294ea5964adf074c54bcc4f0ccd21636049a2cf3ca9cf03b5d03cf1", size = 133386, upload-time = "2026-02-02T15:38:37.704Z" },
    { url = "https://files.pythonhosted.org/packages/b9/0e/45e1dcf10e17d0924b7c9162f87ec7b4ca79e28a0548acf6a71788d3e108/orjson-3.11.7-cp314-cp314-musllinux_1_2_aarch64.whl", hash = "sha256:bda117c4148e81f746655d5a3239ae9bd00cb7bc3ca178b5fc5a5997e9744183", size = 138295, upload-time = "2026-02-02T15:38:39.096Z" },
    { url = "https://files.pythonhosted.org/packages/63/d7/4d2e8b03561257af0450f2845b91fbd111d7e526ccdf737267108075e0ba/orjson-3.11.7-cp314-cp314-musllinux_1_2_armv7l.whl", hash = "sha256:23d6c20517a97a9daf1d48b580fcdc6f0516c6f4b5038823426033690b4d2650", size = 408720, upload-time = "2026-02-02T15:38:40.634Z" },
    { url = "https://files.pythonhosted.org/packages/78/cf/d45343518282108b29c12a65892445fc51f9319dc3c552ceb51bb5905ed2/orjson-3.11.7-cp314-cp314-musllinux_1_2_i686.whl", hash = "sha256:8ff206156006da5b847c9304b6308a01e8cdbc8cce824e2779a5ba71c3def141", size = 144152, upload-time = "2026-02-02T15:38:42.262Z" },
    { url = "https://files.pythonhosted.org/packages/a9/3a/d6001f51a7275aacd342e77b735c71fa04125a3f93c36fee4526bc8c654e/orjson-3.11.7-cp314-cp314-musllinux_1_2_x86_64.whl", hash = "sha256:962d046ee1765f74a1da723f4b33e3b228fe3a48bd307acce5021dfefe0e29b2", size = 134814, upload-time = "2026-02-02T15:38:43.627Z" },
    { url = "https://files.pythonhosted.org/packages/1d/d3/f19b47ce16820cc2c480f7f1723e17f6d411b3a295c60c8ad3aa9ff1c96a/orjson-3.11.7-cp314-cp314-win32.whl", hash = "sha256:89e13dd3f89f1c38a9c9eba5fbf7cdc2d1feca82f5f290864b4b7a6aac704576", size = 127997, upload-time = "2026-02-02T15:38:45.06Z" },
    { url = "https://files.pythonhosted.org/packages/12/df/172771902943af54bf661a8d102bdf2e7f932127968080632bda6054b62c/orjson-3.11.7-cp314-cp314-win_amd64.whl", hash = "sha256:845c3e0d8ded9c9271cd79596b9b552448b885b97110f628fb687aee2eed11c1", size = 124985, upload-time = "2026-02-02T15:38:46.388Z" },
    { url = "https://files.pythonhosted.org/packages/6f/1c/f2a8d8a1b17514660a614ce5f7aac74b934e69f5abc2700cc7ced882a009/orjson-3.11.7-cp314-cp314-win_arm64.whl", hash = "sha256:4a2e9c5be347b937a2e0203866f12bba36082e89b402ddb9e927d5822e43088d", size = 126038, upload-time = "2026-02-02T15:38:47.703Z" },
]

[[package]]
name = "pypika-tortoise"
version = "0.6.3"
source = { registry = "https://pypi.org/simple" }
sdist = { url = "https://files.pythonhosted.org/packages/cc/28/86ec1bccb2609d20349def444ef9dfe84aeccc984caa62f4634d50fee164/pypika_tortoise-0.6.3.tar.gz", hash = "sha256:6e17f00e77e78468836cb5c63eb6dc01445f83b1167e4f29f1c678949179c079", size = 80689, upload-time = "2025-11-26T22:07:08.293Z" }
wheels = [
    { url = "https://files.pythonhosted.org/packages/a4/6a/da5ba6830dd16cea2804163a2cecc1b2a85b8e06c61f0abb0477069d013d/pypika_tortoise-0.6.3-py3-none-any.whl", hash = "sha256:762e508093f4d73d3654cdde5bce8f92f8f41d999993c44d972d4f1703a663df", size = 46918, upload-time = "2025-11-26T22:07:07.052Z" },
]

[[package]]
name = "tortoise-orm"
version = "1.1.5"
source = { git = "https://github.com/RuslanUC/tortoise-orm.git?rev=feat%2Fadd-prepared-parametrized-queries#165522d99c68413e35465f2c124ffc4aace8276a" }
dependencies = [
    { name = "aiosqlite" },
    { name = "anyio" },
    { name = "iso8601", marker = "python_full_version < '4'" },
    { name = "pypika-tortoise" },
]

[package.optional-dependencies]
accel = [
    { name = "ciso8601", marker = "implementation_name == 'cpython' and sys_platform != 'win32'" },
    { name = "orjson" },
    { name = "uvloop", marker = "implementation_name == 'cpython' and sys_platform != 'win32'" },
]

[[package]]
name = "tortoise-prepared-benchmarks"
version = "0.1.0"
source = { virtual = "." }
dependencies = [
    { name = "tortoise-orm", extra = ["accel"] },
]

[package.metadata]
requires-dist = [{ name = "tortoise-orm", extras = ["accel"], git = "https://github.com/RuslanUC/tortoise-orm.git?rev=feat%2Fadd-prepared-parametrized-queries" }]

[[package]]
name = "typing-extensions"
version = "4.15.0"
source = { registry = "https://pypi.org/simple" }
sdist = { url = "https://files.pythonhosted.org/packages/72/94/1a15dd82efb362ac84269196e94cf00f187f7ed21c242792a923cdb1c61f/typing_extensions-4.15.0.tar.gz", hash = "sha256:0cea48d173cc12fa28ecabc3b837ea3cf6f38c6d1136f85cbaaf598984861466", size = 109391, upload-time = "2025-08-25T13:49:26.313Z" }
wheels = [
    { url = "https://files.pythonhosted.org/packages/18/67/36e9267722cc04a6b9f15c7f3441c2363321a3ea07da7ae0c0707beb2a9c/typing_extensions-4.15.0-py3-none-any.whl", hash = "sha256:f0fa19c6845758ab08074a0cfa8b7aecb71c999ca73d62883bc25cc018c4e548", size = 44614, upload-time = "2025-08-25T13:49:24.86Z" },
]

[[package]]
name = "uvloop"
version = "0.22.1"
source = { registry = "https://pypi.org/simple" }
sdist = { url = "https://files.pythonhosted.org/packages/06/f0/18d39dbd1971d6d62c4629cc7fa67f74821b0dc1f5a77af43719de7936a7/uvloop-0.22.1.tar.gz", hash = "sha256:6c84bae345b9147082b17371e3dd5d42775bddce91f885499017f4607fdaf39f", size = 2443250, upload-time = "2025-10-16T22:17:19.342Z" }
wheels = [
    { url = "https://files.pythonhosted.org/packages/c7/d5/69900f7883235562f1f50d8184bb7dd84a2fb61e9ec63f3782546fdbd057/uvloop-0.22.1-cp311-cp311-macosx_10_9_universal2.whl", hash = "sha256:c60ebcd36f7b240b30788554b6f0782454826a0ed765d8430652621b5de674b9", size = 1352420, upload-time = "2025-10-16T22:16:21.187Z" },
    { url = "https://files.pythonhosted.org/packages/a8/73/c4e271b3bce59724e291465cc936c37758886a4868787da0278b3b56b905/uvloop-0.22.1-cp311-cp311-macosx_10_9_x86_64.whl", hash = "sha256:3b7f102bf3cb1995cfeaee9321105e8f5da76fdb104cdad8986f85461a1b7b77", size = 748677, upload-time = "2025-10-16T22:16:22.558Z" },
    { url = "https://files.pythonhosted.org/packages/86/94/9fb7fad2f824d25f8ecac0d70b94d0d48107ad5ece03769a9c543444f78a/uvloop-0.22.1-cp311-cp311-manylinux2014_aarch64.manylinux_2_17_aarch64.manylinux_2_28_aarch64.whl", hash = "sha256:53c85520781d84a4b8b230e24a5af5b0778efdb39142b424990ff1ef7c48ba21", size = 3753819, upload-time = "2025-10-16T22:16:23.903Z" },
    { url = "https://files.pythonhosted.org/packages/74/4f/256aca690709e9b008b7108bc85fba619a2bc37c6d80743d18abad16ee09/uvloop-0.22.1-cp311-cp311-manylinux2014_x86_64.manylinux_2_17_x86_64.manylinux_2_28_x86_64.whl", hash = "sha256:56a2d1fae65fd82197cb8c53c367310b3eabe1bbb9fb5a04d28e3e3520e4f702", size = 3804529, upload-time = "2025-10-16T22:16:25.246Z" },
    { url = "https://files.pythonhosted.org/packages/7f/74/03c05ae4737e871923d21a76fe28b6aad57f5c03b6e6bfcfa5ad616013e4/uvloop-0.22.1-cp311-cp311-musllinux_1_2_aarch64.whl", hash = "sha256:40631b049d5972c6755b06d0bfe8233b1bd9a8a6392d9d1c45c10b6f9e9b2733", size = 3621267, upload-time = "2025-10-16T22:16:26.819Z" },
    { url = "https://files.pythonhosted.org/packages/75/be/f8e590fe61d18b4a92070905497aec4c0e64ae1761498cad09023f3f4b3e/uvloop-0.22.1-cp311-cp311-musllinux_1_2_x86_64.whl", hash = "sha256:535cc37b3a04f6cd2c1ef65fa1d370c9a35b6695df735fcff5427323f2cd5473", size = 3723105, upload-time = "2025-10-16T22:16:28.252Z" },
    { url = "https://files.pythonhosted.org/packages/3d/ff/7f72e8170be527b4977b033239a83a68d5c881cc4775fca255c677f7ac5d/uvloop-0.22.1-cp312-cp312-macosx_10_13_universal2.whl", hash = "sha256:fe94b4564e865d968414598eea1a6de60adba0c040ba4ed05ac1300de402cd42", size = 1359936, upload-time = "2025-10-16T22:16:29.436Z" },
    { url = "https://files.pythonhosted.org/packages/c3/c6/e5d433f88fd54d81ef4be58b2b7b0cea13c442454a1db703a1eea0db1a59/uvloop-0.22.1-cp312-cp312-macosx_10_13_x86_64.whl", hash = "sha256:51eb9bd88391483410daad430813d982010f9c9c89512321f5b60e2cddbdddd6", size = 752769, upload-time = "2025-10-16T22:16:30.493Z" },
    { url = "https://files.pythonhosted.org/packages/24/68/a6ac446820273e71aa762fa21cdcc09861edd3536ff47c5cd3b7afb10eeb/uvloop-0.22.1-cp312-cp312-manylinux2014_aarch64.manylinux_2_17_aarch64.manylinux_2_28_aarch64.whl", hash = "sha256:700e674a166ca5778255e0e1dc4e9d79ab2acc57b9171b79e65feba7184b3370", size = 4317413, upload-time = "2025-10-16T22:16:31.644Z" },
    { url = "https://files.pythonhosted.org/packages/5f/6f/e62b4dfc7ad6518e7eff2516f680d02a0f6eb62c0c212e152ca708a0085e/uvloop-0.22.1-cp312-cp312-manylinux2014_x86_64.manylinux_2_17_x86_64.manylinux_2_28_x86_64.whl", hash = "sha256:7b5b1ac819a3f946d3b2ee07f09149578ae76066d70b44df3fa990add49a82e4", size = 4426307, upload-time = "2025-10-16T22:16:32.917Z" },
    { url = "https://files.pythonhosted.org/packages/90/60/97362554ac21e20e81bcef1150cb2a7e4ffdaf8ea1e5b2e8bf7a053caa18/uvloop-0.22.1-cp312-cp312-musllinux_1_2_aarch64.whl", hash = "sha256:e047cc068570bac9866237739607d1313b9253c3051ad84738cbb095be0537b2", size = 4131970, upload-time = "2025-10-16T22:16:34.015Z" },
    { url = "https://files.pythonhosted.org/packages/99/39/6b3f7d234ba3964c428a6e40006340f53ba37993f46ed6e111c6e9141d18/uvloop-0.22.1-cp312-cp312-musllinux_1_2_x86_64.whl", hash = "sha256:512fec6815e2dd45161054592441ef76c830eddaad55c8aa30952e6fe1ed07c0", size = 4296343, upload-time = "2025-10-16T22:16:35.149Z" },
    { url = "https://files.pythonhosted.org/packages/89/8c/182a2a593195bfd39842ea68ebc084e20c850806117213f5a299dfc513d9/uvloop-0.22.1-cp313-cp313-macosx_10_13_universal2.whl", hash = "sha256:561577354eb94200d75aca23fbde86ee11be36b00e52a4eaf8f50fb0c86b7705", size = 1358611, upload-time = "2025-10-16T22:16:36.833Z" },
    { url = "https://files.pythonhosted.org/packages/d2/14/e301ee96a6dc95224b6f1162cd3312f6d1217be3907b79173b06785f2fe7/uvloop-0.22.1-cp313-cp313-macosx_10_13_x86_64.whl", hash = "sha256:1cdf5192ab3e674ca26da2eada35b288d2fa49fdd0f357a19f0e7c4e7d5077c8", size = 751811, upload-time = "2025-10-16T22:16:38.275Z" },
    { url = "https://files.pythonhosted.org/packages/b7/02/654426ce265ac19e2980bfd9ea6590ca96a56f10c76e63801a2df01c0486/uvloop-0.22.1-cp313-cp313-manylinux2014_aarch64.manylinux_2_17_aarch64.manylinux_2_28_aarch64.whl", hash = "sha256:6e2ea3d6190a2968f4a14a23019d3b16870dd2190cd69c8180f7c632d21de68d", size = 4288562, upload-time = "2025-10-16T22:16:39.375Z" },
    { url = "https://files.pythonhosted.org/packages/15/c0/0be24758891ef825f2065cd5db8741aaddabe3e248ee6acc5e8a80f04005/uvloop-0.22.1-cp313-cp313-manylinux2014_x86_64.manylinux_2_17_x86_64.manylinux_2_28_x86_64.whl", hash = "sha256:0530a5fbad9c9e4ee3f2b33b148c6a64d47bbad8000ea63704fa8260f4cf728e", size = 4366890, upload-time = "2025-10-16T22:16:40.547Z" },
    { url = "https://files.pythonhosted.org/packages/d2/53/8369e5219a5855869bcee5f4d317f6da0e2c669aecf0ef7d371e3d084449/uvloop-0.22.1-cp313-cp313-musllinux_1_2_aarch64.whl", hash = "sha256:bc5ef13bbc10b5335792360623cc378d52d7e62c2de64660616478c32cd0598e", size = 4119472, upload-time = "2025-10-16T22:16:41.694Z" },
    { url = "https://files.pythonhosted.org/packages/f8/ba/d69adbe699b768f6b29a5eec7b47dd610bd17a69de51b251126a801369ea/uvloop-0.22.1-cp313-cp313-musllinux_1_2_x86_64.whl", hash = "sha256:1f38ec5e3f18c8a10ded09742f7fb8de0108796eb673f30ce7762ce1b8550cad", size = 4239051, upload-time = "2025-10-16T22:16:43.224Z" },
    { url = "https://files.pythonhosted.org/packages/90/cd/b62bdeaa429758aee8de8b00ac0dd26593a9de93d302bff3d21439e9791d/uvloop-0.22.1-cp314-cp314-macosx_10_13_universal2.whl", hash = "sha256:3879b88423ec7e97cd4eba2a443aa26ed4e59b45e6b76aabf13fe2f27023a142", size = 1362067, upload-time = "2025-10-16T22:16:44.503Z" },
    { url = "https://files.pythonhosted.org/packages/0d/f8/a132124dfda0777e489ca86732e85e69afcd1ff7686647000050ba670689/uvloop-0.22.1-cp314-cp314-macosx_10_13_x86_64.whl", hash = "sha256:4baa86acedf1d62115c1dc6ad1e17134476688f08c6efd8a2ab076e815665c74", size = 752423, upload-time = "2025-10-16T22:16:45.968Z" },
    { url = "https://files.pythonhosted.org/packages/a3/94/94af78c156f88da4b3a733773ad5ba0b164393e357cc4bd0ab2e2677a7d6/uvloop-0.22.1-cp314-cp314-manylinux2014_aarch64.manylinux_2_17_aarch64.manylinux_2_28_aarch64.whl", hash = "sha256:297c27d8003520596236bdb2335e6b3f649480bd09e00d1e3a99144b691d2a35", size = 4272437, upload-time = "2025-10-16T22:16:47.451Z" },
    { url = "https://files.pythonhosted.org/packages/b5/35/60249e9fd07b32c665192cec7af29e06c7cd96fa1d08b84f012a56a0b38e/uvloop-0.22.1-cp314-cp314-manylinux2014_x86_64.manylinux_2_17_x86_64.manylinux_2_28_x86_64.whl", hash = "sha256:c1955d5a1dd43198244d47664a5858082a3239766a839b2102a269aaff7a4e25", size = 4292101, upload-time = "2025-10-16T22:16:49.318Z" },
    { url = "https://files.pythonhosted.org/packages/02/62/67d382dfcb25d0a98ce73c11ed1a6fba5037a1a1d533dcbb7cab033a2636/uvloop-0.22.1-cp314-cp314-musllinux_1_2_aarch64.whl", hash = "sha256:b31dc2fccbd42adc73bc4e7cdbae4fc5086cf378979e53ca5d0301838c5682c6", size = 4114158, upload-time = "2025-10-16T22:16:50.517Z" },
    { url = "https://files.pythonhosted.org/packages/f0/7a/f1171b4a882a5d13c8b7576f348acfe6074d72eaf52cccef752f748d4a9f/uvloop-0.22.1-cp314-cp314-musllinux_1_2_x86_64.whl", hash = "sha256:93f617675b2d03af4e72a5333ef89450dfaa5321303ede6e67ba9c9d26878079", size = 4177360, upload-time = "2025-10-16T22:16:52.646Z" },
    { url = "https://files.pythonhosted.org/packages/79/7b/b01414f31546caf0919da80ad57cbfe24c56b151d12af68cee1b04922ca8/uvloop-0.22.1-cp314-cp314t-macosx_10_13_universal2.whl", hash = "sha256:37554f70528f60cad66945b885eb01f1bb514f132d92b6eeed1c90fd54ed6289", size = 1454790, upload-time = "2025-10-16T22:16:54.355Z" },
    { url = "https://files.pythonhosted.org/packages/d4/31/0bb232318dd838cad3fa8fb0c68c8b40e1145b32025581975e18b11fab40/uvloop-0.22.1-cp314-cp314t-macosx_10_13_x86_64.whl", hash = "sha256:b76324e2dc033a0b2f435f33eb88ff9913c156ef78e153fb210e03c13da746b3", size = 796783, upload-time = "2025-10-16T22:16:55.906Z" },
    { url = "https://files.pythonhosted.org/packages/42/38/c9b09f3271a7a723a5de69f8e237ab8e7803183131bc57c890db0b6bb872/uvloop-0.22.1-cp314-cp314t-manylinux2014_aarch64.manylinux_2_17_aarch64.manylinux_2_28_aarch64.whl", hash = "sha256:badb4d8e58ee08dad957002027830d5c3b06aea446a6a3744483c2b3b745345c", size = 4647548, upload-time = "2025-10-16T22:16:57.008Z" },
    { url = "https://files.pythonhosted.org/packages/c1/37/945b4ca0ac27e3dc4952642d4c900edd030b3da6c9634875af6e13ae80e5/uvloop-0.22.1-cp314-cp314t-manylinux2014_x86_64.manylinux_2_17_x86_64.manylinux_2_28_x86_64.whl", hash = "sha256:b91328c72635f6f9e0282e4a57da7470c7350ab1c9f48546c0f2866205349d21", size = 4467065, upload-time = "2025-10-16T22:16:58.206Z" },
    { url = "https://files.pythonhosted.org/packages/97/cc/48d232f33d60e2e2e0b42f4e73455b146b76ebe216487e862700457fbf3c/uvloop-0.22.1-cp314-cp314t-musllinux_1_2_aarch64.whl", hash = "sha256:daf620c2995d193449393d6c62131b3fbd40a63bf7b307a1527856ace637fe88", size = 4328384, upload-time = "2025-10-16T22:16:59.36Z" },
    { url = "https://files.pythonhosted.org/packages/e4/16/c1fd27e9549f3c4baf1dc9c20c456cd2f822dbf8de9f463824b0c0357e06/uvloop-0.22.1-cp314-cp314t-musllinux_1_2_x86_64.whl", hash = "sha256:6cde23eeda1a25c75b2e07d39970f3374105d5eafbaab2a4482be82f272d5a5e", size = 4296730, upload-time = "2025-10-16T22:17:00.744Z" },
]
